
Microsoft Visual Studio Solution File, Format Version 12.00
# Visual Studio Version 16
VisualStudioVersion = 16.0.29123.88
MinimumVisualStudioVersion = 10.0.40219.1
Project("{FAE04EC0-301F-11D3-BF4B-00C04F79EFBC}") = "HDScreenshot", "HDScreenshot\HDScreenshot.csproj", "{5297997D-88CA-49FF-B897-E9680C89BFDB}"
EndProject
Global
	GlobalSection(SolutionConfigurationPlatforms) = preSolution
		Debug|Any CPU = Debug|Any CPU
		Release|Any CPU = Release|Any CPU
	EndGlobalSection
	GlobalSection(ProjectConfigurationPlatforms) = postSolution
		{5297997D-88CA-49FF-B897-E9680C89BFDB}.Debug|Any CPU.ActiveCfg = Debug|Any CPU
		{5297997D-88CA-49FF-B897-E9680C89BFDB}.Debug|Any CPU.Build.0 = Debug|Any CPU
		{5297997D-88CA-49FF-B897-E9680C89BFDB}.Release|Any CPU.ActiveCfg = Release|Any CPU
		{5297997D-88CA-49FF-B897-E9680C89BFDB}.Release|Any CPU.Build.0 = Release|Any CPU
	EndGlobalSection
	GlobalSection(SolutionProperties) = preSolution
		HideSolutionNode = FALSE
	EndGlobalSection
	GlobalSection(ExtensibilityGlobals) = postSolution
		SolutionGuid = {1B964F7A-20F6-466D-B934-F162110285CE}
	EndGlobalSection
EndGlobal
